<?xml version="1.0" encoding="UTF-8"?>
<!DOCTYPE plist PUBLIC "-//Apple//DTD PLIST 1.0//EN" "http://www.apple.com/DTDs/PropertyList-1.0.dtd">
<plist version="1.0">
<dict>
	<key>BuildNumber</key>
	<string>430000124</string>
	<key>BundleIdentifier</key>
	<string>com.barebones.bbedit</string>
	<key>HostIdentifier</key>
	<string>8825755C-D58C-5519-B4A1-C01794D12290</string>
	<key>HostName</key>
	<string>Roderick’s MacBook Pro (2)</string>
	<key>LockDate</key>
	<date>2026-03-02T19:11:41Z</date>
	<key>LockID</key>
	<string>B309FF85-E6C6-45A1-AE26-02EB76CA6908</string>
	<key>MarketingVersion</key>
	<string>15.5.5</string>
	<key>NetworkVolume</key>
	<false/>
	<key>ProcessIdentifier</key>
	<integer>1329</integer>
	<key>UserName</key>
	<string>rpage</string>
	<key>Version</key>
	<integer>3</integer>
	<key>VolumeIdentifier</key>
	<string>873EA9CC-0BA5-4809-B6AC-214CBF1C3E36</string>
</dict>
</plist>
